{
  "name": "diagram_url_link_plugin",
  "lockfileVersion": 3,
  "requires": true,
  "packages": {
    "": {
      "devDependencies": {
        "@figma/plugin-typings": "^1.135.0"
      }
    },
    "node_modules/@figma/plugin-typings": {
      "version": "1.135.0",
      "resolved": "https://registry.npmjs.org/@figma/plugin-typings/-/plugin-typings-1.135.0.tgz",
      "integrity": "sha512-vP9ftEPH2uKaDAiFr8e6ZHYe2yaK+sYuZgVS8okOT51cdQjg/LK7w7rLPSge0vN/zcKsQX6kel4LQi1z14nM0A==",
      "dev": true,
      "license": "MIT License"
    }
  }
}
